#MicroXplorer Configuration settings - do not modify
Mcu.Family=STM32F4
ProjectManager.MainLocation=Core/Src
PH0-OSC_IN.Signal=RCC_OSC_IN
RCC.CortexFreq_Value=168000000
ProjectManager.KeepUserCode=true
Mcu.UserName=STM32F407VGTx
SPI1.VirtualType=VM_MASTER
ADC1.ContinuousConvMode=ENABLE
RCC.PLLCLKFreq_Value=168000000
RCC.PLLQCLKFreq_Value=84000000
ProjectManager.functionlistsort=1-MX_GPIO_Init-GPIO-false-HAL-true,2-SystemClock_Config-RCC-false-HAL-false,3-MX_I2C1_Init-I2C1-false-HAL-true,4-MX_RTC_Init-RTC-false-HAL-true,5-MX_SPI1_Init-SPI1-false-HAL-true,6-MX_TIM2_Init-TIM2-false-HAL-true,7-MX_TIM3_Init-TIM3-false-HAL-true,8-MX_TIM4_Init-TIM4-false-HAL-true,9-MX_USART6_UART_Init-USART6-false-HAL-true,10-MX_ADC1_Init-ADC1-false-HAL-true
VP_RTC_VS_RTC_Activate.Mode=RTC_Enabled
RCC.RTCFreq_Value=400000
PA3.GPIOParameters=GPIO_Label
PC9.Locked=true
VP_RTC_VS_RTC_Calendar.Signal=RTC_VS_RTC_Calendar
PA2.GPIOParameters=GPIO_Label
PinOutPanel.RotationAngle=0
PE6.GPIO_Label=Right_Btn
PE5.GPIOParameters=GPIO_PuPd,GPIO_Label
RCC.SYSCLKSource=RCC_SYSCLKSOURCE_PLLCLK
ProjectManager.StackSize=0x400
VP_FREERTOS_VS_CMSIS_V2.Mode=CMSIS_V2
Mcu.IP4=RCC
RCC.FCLKCortexFreq_Value=168000000
Mcu.IP5=RTC
Mcu.IP2=I2C1
NVIC.SVCall_IRQn=true\:0\:0\:false\:false\:false\:false\:false\:false
Mcu.IP3=NVIC
Mcu.IP0=ADC1
Mcu.IP1=FREERTOS
PE4.GPIOParameters=GPIO_PuPd,GPIO_Label
RTC.SynchPrediv=3124
PD15.GPIOParameters=GPIO_PuPd,GPIO_Label
Mcu.UserConstants=
PE5.GPIO_PuPd=GPIO_PULLUP
RCC.RCC_RTC_Clock_Source=RCC_RTCCLKSOURCE_HSE_DIV20
Mcu.ThirdPartyNb=0
SPI1.Direction=SPI_DIRECTION_2LINES
RCC.HCLKFreq_Value=168000000
Mcu.IPNb=12
RCC.I2SClocksFreq_Value=192000000
TIM2.IPParameters=Prescaler,Period
ProjectManager.PreviousToolchain=
RCC.APB2TimFreq_Value=168000000
PB6.Signal=I2C1_SCL
RCC.VcooutputI2S=192000000
PC7.Signal=USART6_RX
PB6.Mode=I2C
RTC.IPParameters=SynchPrediv,Format
SPI1.CalculateBaudRate=42.0 MBits/s
Mcu.Pin6=PA1
Mcu.Pin7=PA2
VP_TIM2_VS_ClockSourceINT.Signal=TIM2_VS_ClockSourceINT
PE5.Signal=GPIO_Input
Mcu.Pin8=PA3
Mcu.Pin9=PA5
FREERTOS.IPParameters=Tasks01,configTOTAL_HEAP_SIZE
RCC.AHBFreq_Value=168000000
PH0-OSC_IN.Mode=HSE-External-Oscillator
Mcu.Pin0=PE4
Mcu.Pin1=PE5
GPIO.groupedBy=Group By Peripherals
Mcu.Pin2=PE6
Mcu.Pin3=PH0-OSC_IN
Mcu.Pin4=PH1-OSC_OUT
Mcu.Pin5=PA0-WKUP
ADC1.Channel-0\#ChannelRegularConversion=ADC_CHANNEL_0
ProjectManager.ProjectBuild=false
RCC.HSE_VALUE=8000000
NVIC.UsageFault_IRQn=true\:0\:0\:false\:false\:true\:false\:false\:false
NVIC.DebugMonitor_IRQn=true\:0\:0\:false\:false\:true\:false\:false\:false
RCC.RCC_RTC_Clock_Source_FROM_HSE=RCC_RTCCLKSOURCE_HSE_DIV20
Mcu.IP10=TIM4
NVIC.SysTick_IRQn=true\:15\:0\:false\:false\:false\:true\:false\:true
Mcu.IP11=USART6
ProjectManager.FirmwarePackage=STM32Cube FW_F4 V1.25.2
MxDb.Version=DB.6.0.10
PA1.GPIOParameters=GPIO_Label
ProjectManager.BackupPrevious=false
RCC.VCOInputFreq_Value=2000000
PA14.Mode=Serial_Wire
VP_SYS_VS_tim1.Mode=TIM1
TIM3.Prescaler=84
NVIC.TIM2_IRQn=true\:5\:0\:false\:false\:true\:true\:true\:true
File.Version=6
PE4.GPIO_Label=Left_Btn
PB7.Signal=I2C1_SDA
PD14.GPIO_PuPd=GPIO_PULLUP
SH.ADCx_IN0.0=ADC1_IN0,IN0
NVIC.PendSV_IRQn=true\:15\:0\:false\:false\:false\:true\:false\:false
TIM4.Period=1000
PE4.Signal=GPIO_Input
PE6.GPIOParameters=GPIO_PuPd,GPIO_Label
ProjectManager.HalAssertFull=false
ADC1.SamplingTime-0\#ChannelRegularConversion=ADC_SAMPLETIME_480CYCLES
FREERTOS.configTOTAL_HEAP_SIZE=81920
ProjectManager.ProjectName=smartWatchF407
PH1-OSC_OUT.Mode=HSE-External-Oscillator
RCC.MCO2PinFreq_Value=168000000
PC8.GPIOParameters=GPIO_Label
Mcu.Package=LQFP100
TIM2.Prescaler=84
NVIC.TimeBase=TIM1_UP_TIM10_IRQn
USART6.VirtualMode=VM_ASYNC
ProjectManager.ToolChainLocation=
PD15.GPIO_PuPd=GPIO_PULLUP
PD14.Locked=true
PA2.GPIO_Label=ST7789_DC
RCC.LSI_VALUE=32000
NVIC.TimeBaseIP=TIM1
VP_RTC_VS_RTC_Calendar.Mode=RTC_Calendar
RCC.APB2CLKDivider=RCC_HCLK_DIV2
RCC.APB1TimFreq_Value=84000000
NVIC.BusFault_IRQn=true\:0\:0\:false\:false\:true\:false\:false\:false
PE6.Locked=true
PE6.GPIO_PuPd=GPIO_PULLUP
PD15.Signal=GPIO_Input
ProjectManager.CustomerFirmwarePackage=
VP_TIM3_VS_ClockSourceINT.Mode=Internal
PA3.Signal=GPIO_Output
PA5.Mode=TX_Only_Simplex_Unidirect_Master
PA2.Locked=true
VP_RTC_VS_RTC_Activate.Signal=RTC_VS_RTC_Activate
RCC.PLLSourceVirtual=RCC_PLLSOURCE_HSE
ProjectManager.ProjectFileName=smartWatchF407.ioc
FREERTOS.Tasks01=defaultTask,24,128,StartDefaultTask,Default,NULL,Dynamic,NULL,NULL
PD15.GPIO_Label=BatteryIsCharging
ADC1.Rank-0\#ChannelRegularConversion=1
PA7.Mode=TX_Only_Simplex_Unidirect_Master
Mcu.PinsNb=28
PC9.GPIO_Label=BluetoothState
ProjectManager.NoMain=false
SPI1.IPParameters=VirtualType,Mode,Direction,CalculateBaudRate
ADC1.IPParameters=Rank-0\#ChannelRegularConversion,Channel-0\#ChannelRegularConversion,SamplingTime-0\#ChannelRegularConversion,NbrOfConversionFlag,master,ContinuousConvMode
USART6.IPParameters=VirtualMode
NVIC.SavedSvcallIrqHandlerGenerated=true
PC8.Signal=GPIO_Output
PC6.Signal=USART6_TX
ProjectManager.DefaultFWLocation=true
ProjectManager.DeletePrevious=true
RCC.APB1CLKDivider=RCC_HCLK_DIV4
RCC.FamilyName=M
PA0-WKUP.Signal=ADCx_IN0
PA0-WKUP.Locked=true
PC8.GPIO_Label=BluetoothEnable
PA13.Signal=SYS_JTMS-SWDIO
VP_TIM4_VS_ClockSourceINT.Signal=TIM4_VS_ClockSourceINT
ProjectManager.TargetToolchain=STM32CubeIDE
TIM4.IPParameters=Prescaler,Period
PC6.Mode=Asynchronous
PE4.Locked=true
RTC.Format=RTC_FORMAT_BIN
ProjectManager.RegisterCallBack=
VP_TIM3_VS_ClockSourceINT.Signal=TIM3_VS_ClockSourceINT
TIM4.Prescaler=84
RCC.LSE_VALUE=32768
PA1.Signal=GPIO_Output
RCC.VCOI2SOutputFreq_Value=384000000
PA5.Signal=SPI1_SCK
board=custom
RCC.VCOOutputFreq_Value=336000000
ProjectManager.LastFirmware=true
NVIC.TIM3_IRQn=true\:5\:0\:false\:false\:true\:true\:true\:true
NVIC.SavedSystickIrqHandlerGenerated=true
RCC.APB2Freq_Value=84000000
MxCube.Version=6.1.0
VP_TIM2_VS_ClockSourceINT.Mode=Internal
VP_SYS_VS_tim1.Signal=SYS_VS_tim1
SPI1.Mode=SPI_MODE_MASTER
SH.ADCx_IN0.ConfNb=1
PA1.GPIO_Label=ST7789_RST
RCC.EthernetFreq_Value=168000000
PC9.GPIO_PuPd=GPIO_NOPULL
TIM3.IPParameters=Prescaler
PH1-OSC_OUT.Signal=RCC_OSC_OUT
RCC.RCC_RTC_Clock_SourceVirtual=RCC_RTCCLKSOURCE_HSE_DIV8
NVIC.NonMaskableInt_IRQn=true\:0\:0\:false\:false\:true\:false\:false\:false
PD14.GPIO_Label=BatteryCharged
PE5.Locked=true
TIM2.Period=1000
PE6.Signal=GPIO_Input
PA13.Mode=Serial_Wire
ProjectManager.FreePins=false
RCC.IPParameters=48MHZClocksFreq_Value,AHBFreq_Value,APB1CLKDivider,APB1Freq_Value,APB1TimFreq_Value,APB2CLKDivider,APB2Freq_Value,APB2TimFreq_Value,CortexFreq_Value,EthernetFreq_Value,FCLKCortexFreq_Value,FamilyName,HCLKFreq_Value,HSE_VALUE,HSI_VALUE,I2SClocksFreq_Value,LSE_VALUE,LSI_VALUE,MCO2PinFreq_Value,PLLCLKFreq_Value,PLLM,PLLN,PLLQCLKFreq_Value,PLLSourceVirtual,RCC_RTC_Clock_Source,RCC_RTC_Clock_SourceVirtual,RCC_RTC_Clock_Source_FROM_HSE,RTCFreq_Value,RTCHSEDivFreq_Value,SYSCLKFreq_VALUE,SYSCLKSource,VCOI2SOutputFreq_Value,VCOInputFreq_Value,VCOOutputFreq_Value,VcooutputI2S
PC9.GPIOParameters=GPIO_PuPd,GPIO_Label
ProjectManager.AskForMigrate=true
Mcu.Name=STM32F407V(E-G)Tx
Mcu.Pin26=VP_TIM3_VS_ClockSourceINT
Mcu.Pin27=VP_TIM4_VS_ClockSourceINT
NVIC.SavedPendsvIrqHandlerGenerated=true
RCC.RTCHSEDivFreq_Value=400000
PA2.Signal=GPIO_Output
Mcu.Pin24=VP_SYS_VS_tim1
ProjectManager.UnderRoot=true
PE4.GPIO_PuPd=GPIO_PULLUP
Mcu.Pin25=VP_TIM2_VS_ClockSourceINT
Mcu.IP8=TIM2
VP_FREERTOS_VS_CMSIS_V2.Signal=FREERTOS_VS_CMSIS_V2
Mcu.IP9=TIM3
PD14.Signal=GPIO_Input
Mcu.IP6=SPI1
Mcu.IP7=SYS
ProjectManager.CoupleFile=false
RCC.48MHZClocksFreq_Value=84000000
PD14.GPIOParameters=GPIO_PuPd,GPIO_Label
RCC.SYSCLKFreq_VALUE=168000000
Mcu.Pin22=VP_RTC_VS_RTC_Activate
Mcu.Pin23=VP_RTC_VS_RTC_Calendar
PA1.Locked=true
Mcu.Pin20=PB7
ADC1.master=1
Mcu.Pin21=VP_FREERTOS_VS_CMSIS_V2
PA3.Locked=true
NVIC.ForceEnableDMAVector=true
KeepUserPlacement=false
NVIC.MemoryManagement_IRQn=true\:0\:0\:false\:false\:true\:false\:false\:false
PE5.GPIO_Label=Enter_Btn
ProjectManager.CompilerOptimize=6
PD15.Locked=true
PB7.Mode=I2C
PA14.Signal=SYS_JTCK-SWCLK
ProjectManager.HeapSize=0x200
Mcu.Pin15=PC8
NVIC.HardFault_IRQn=true\:0\:0\:false\:false\:true\:false\:false\:false
Mcu.Pin16=PC9
Mcu.Pin13=PC6
Mcu.Pin14=PC7
Mcu.Pin19=PB6
NVIC.TIM1_UP_TIM10_IRQn=true\:0\:0\:false\:false\:true\:false\:false\:true
ProjectManager.ComputerToolchain=false
Mcu.Pin17=PA13
RCC.HSI_VALUE=16000000
Mcu.Pin18=PA14
VP_TIM4_VS_ClockSourceINT.Mode=Internal
NVIC.PriorityGroup=NVIC_PRIORITYGROUP_4
ADC1.NbrOfConversionFlag=1
Mcu.Pin11=PD14
Mcu.Pin12=PD15
RCC.PLLM=4
RCC.PLLN=168
Mcu.Pin10=PA7
PC8.Locked=true
PC9.Signal=GPIO_Input
PC7.Mode=Asynchronous
NVIC.TIM4_IRQn=true\:5\:0\:false\:false\:true\:true\:true\:true
RCC.APB1Freq_Value=42000000
ProjectManager.DeviceId=STM32F407VGTx
ProjectManager.LibraryCopy=1
PA3.GPIO_Label=ST7789_CS
PA7.Signal=SPI1_MOSI
isbadioc=false
